
Microsoft Visual Studio Solution File, Format Version 12.00
# Visual Studio 14
VisualStudioVersion = 14.0.25420.1
MinimumVisualStudioVersion = 10.0.40219.1
Project("{33AD0EE8-D99B-4E14-8CD9-3F56ABEF97A2}") = "SampleFunctionApp", "SampleFunctionApp\SampleFunctionApp.funproj", "{916BD8EA-435B-4195-B991-FB30A64CF4F6}"
EndProject
Global
	GlobalSection(SolutionConfigurationPlatforms) = preSolution
		Debug|Any CPU = Debug|Any CPU
		Release|Any CPU = Release|Any CPU
	EndGlobalSection
	GlobalSection(ProjectConfigurationPlatforms) = postSolution
		{916BD8EA-435B-4195-B991-FB30A64CF4F6}.Debug|Any CPU.ActiveCfg = Debug|Any CPU
		{916BD8EA-435B-4195-B991-FB30A64CF4F6}.Debug|Any CPU.Build.0 = Debug|Any CPU
		{916BD8EA-435B-4195-B991-FB30A64CF4F6}.Release|Any CPU.ActiveCfg = Release|Any CPU
		{916BD8EA-435B-4195-B991-FB30A64CF4F6}.Release|Any CPU.Build.0 = Release|Any CPU
	EndGlobalSection
	GlobalSection(SolutionProperties) = preSolution
		HideSolutionNode = FALSE
	EndGlobalSection
EndGlobal
